
Microsoft Visual Studio Solution File, Format Version 12.00
# Visual Studio Version 16
VisualStudioVersion = 16.0.30907.101
MinimumVisualStudioVersion = 10.0.40219.1
Project("{FAE04EC0-301F-11D3-BF4B-00C04F79EFBC}") = "MathSeries", "MathSeries\MathSeries.csproj", "{2DE692D6-23B2-4CFE-8856-F56B4C802C0A}"
EndProject
Global
	GlobalSection(SolutionConfigurationPlatforms) = preSolution
		Debug|Any CPU = Debug|Any CPU
		Release|Any CPU = Release|Any CPU
	EndGlobalSection
	GlobalSection(ProjectConfigurationPlatforms) = postSolution
		{2DE692D6-23B2-4CFE-8856-F56B4C802C0A}.Debug|Any CPU.ActiveCfg = Debug|Any CPU
		{2DE692D6-23B2-4CFE-8856-F56B4C802C0A}.Debug|Any CPU.Build.0 = Debug|Any CPU
		{2DE692D6-23B2-4CFE-8856-F56B4C802C0A}.Release|Any CPU.ActiveCfg = Release|Any CPU
		{2DE692D6-23B2-4CFE-8856-F56B4C802C0A}.Release|Any CPU.Build.0 = Release|Any CPU
	EndGlobalSection
	GlobalSection(SolutionProperties) = preSolution
		HideSolutionNode = FALSE
	EndGlobalSection
	GlobalSection(ExtensibilityGlobals) = postSolution
		SolutionGuid = {C153E5FE-1D81-41AE-A3F6-ADAD0D8CFD7D}
	EndGlobalSection
EndGlobal
